
Microsoft Visual Studio Solution File, Format Version 12.00
# Visual Studio Version 16
VisualStudioVersion = 16.0.29020.237
MinimumVisualStudioVersion = 10.0.40219.1
Project("{FAE04EC0-301F-11D3-BF4B-00C04F79EFBC}") = "Migraine v2", "Migraine v2\Migraine v2.csproj", "{C15C10AE-C7F3-4E52-8AE4-1FC837C5E464}"
EndProject
Global
	GlobalSection(SolutionConfigurationPlatforms) = preSolution
		Debug|Any CPU = Debug|Any CPU
		Release|Any CPU = Release|Any CPU
	EndGlobalSection
	GlobalSection(ProjectConfigurationPlatforms) = postSolution
		{C15C10AE-C7F3-4E52-8AE4-1FC837C5E464}.Debug|Any CPU.ActiveCfg = Debug|Any CPU
		{C15C10AE-C7F3-4E52-8AE4-1FC837C5E464}.Debug|Any CPU.Build.0 = Debug|Any CPU
		{C15C10AE-C7F3-4E52-8AE4-1FC837C5E464}.Release|Any CPU.ActiveCfg = Release|Any CPU
		{C15C10AE-C7F3-4E52-8AE4-1FC837C5E464}.Release|Any CPU.Build.0 = Release|Any CPU
	EndGlobalSection
	GlobalSection(SolutionProperties) = preSolution
		HideSolutionNode = FALSE
	EndGlobalSection
	GlobalSection(ExtensibilityGlobals) = postSolution
		SolutionGuid = {6D5F08AD-4ACF-4BBC-990D-0C8342949ED7}
	EndGlobalSection
EndGlobal
